// !$*UTF8*$!
{
	archiveVersion = 1;
	classes = {
	};
	objectVersion = 56;
	objects = {

/* Begin PBXBuildFile section */
		8ACD5127291BE21C00D3D195 /* mm_uiApp.swift in Sources */ = {isa = PBXBuildFile; fileRef = 8ACD5126291BE21C00D3D195 /* mm_uiApp.swift */; };
		8ACD5129291BE21C00D3D195 /* ContentView.swift in Sources */ = {isa = PBXBuildFile; fileRef = 8ACD5128291BE21C00D3D195 /* ContentView.swift */; };
		8ACD512B291BE22200D3D195 /* Assets.xcassets in Resources */ = {isa = PBXBuildFile; fileRef = 8ACD512A291BE22200D3D195 /* Assets.xcassets */; };
		8ACD512E291BE22200D3D195 /* Preview Assets.xcassets in Resources */ = {isa = PBXBuildFile; fileRef = 8ACD512D291BE22200D3D195 /* Preview Assets.xcassets */; };
		8ACD5139291BE22300D3D195 /* mm_uiTests.swift in Sources */ = {isa = PBXBuildFile; fileRef = 8ACD5138291BE22300D3D195 /* mm_uiTests.swift */; };
		8ACD5143291BE22300D3D195 /* mm_uiUITests.swift in Sources */ = {isa = PBXBuildFile; fileRef = 8ACD5142291BE22300D3D195 /* mm_uiUITests.swift */; };
		8ACD5145291BE22300D3D195 /* mm_uiUITestsLaunchTests.swift in Sources */ = {isa = PBXBuildFile; fileRef = 8ACD5144291BE22300D3D195 /* mm_uiUITestsLaunchTests.swift */; };
/* End PBXBuildFile section */

/* Begin PBXContainerItemProxy section */
		8ACD5135291BE22300D3D195 /* PBXContainerItemProxy */ = {
			isa = PBXContainerItemProxy;
			containerPortal = 8ACD511B291BE21C00D3D195 /* Project object */;
			proxyType = 1;
			remoteGlobalIDString = 8ACD5122291BE21C00D3D195;
			remoteInfo = "mm-ui";
		};
		8ACD513F291BE22300D3D195 /* PBXContainerItemProxy */ = {
			isa = PBXContainerItemProxy;
			containerPortal = 8ACD511B291BE21C00D3D195 /* Project object */;
			proxyType = 1;
			remoteGlobalIDString = 8ACD5122291BE21C00D3D195;
			remoteInfo = "mm-ui";
		};
/* End PBXContainerItemProxy section */

/* Begin PBXFileReference section */
		8ACD5123291BE21C00D3D195 /* mm-ui.app */ = {isa = PBXFileReference; explicitFileType = wrapper.application; includeInIndex = 0; path = "mm-ui.app"; sourceTree = BUILT_PRODUCTS_DIR; };
		8ACD5126291BE21C00D3D195 /* mm_uiApp.swift */ = {isa = PBXFileReference; lastKnownFileType = sourcecode.swift; path = mm_uiApp.swift; sourceTree = "<group>"; };
		8ACD5128291BE21C00D3D195 /* ContentView.swift */ = {isa = PBXFileReference; lastKnownFileType = sourcecode.swift; path = ContentView.swift; sourceTree = "<group>"; };
		8ACD512A291BE22200D3D195 /* Assets.xcassets */ = {isa = PBXFileReference; lastKnownFileType = folder.assetcatalog; path = Assets.xcassets; sourceTree = "<group>"; };
		8ACD512D291BE22200D3D195 /* Preview Assets.xcassets */ = {isa = PBXFileReference; lastKnownFileType = folder.assetcatalog; path = "Preview Assets.xcassets"; sourceTree = "<group>"; };
		8ACD512F291BE22200D3D195 /* mm_ui.entitlements */ = {isa = PBXFileReference; lastKnownFileType = text.plist.entitlements; path = mm_ui.entitlements; sourceTree = "<group>"; };
		8ACD5134291BE22300D3D195 /* mm-uiTests.xctest */ = {isa = PBXFileReference; explicitFileType = wrapper.cfbundle; includeInIndex = 0; path = "mm-uiTests.xctest"; sourceTree = BUILT_PRODUCTS_DIR; };
		8ACD5138291BE22300D3D195 /* mm_uiTests.swift */ = {isa = PBXFileReference; lastKnownFileType = sourcecode.swift; path = mm_uiTests.swift; sourceTree = "<group>"; };
		8ACD513E291BE22300D3D195 /* mm-uiUITests.xctest */ = {isa = PBXFileReference; explicitFileType = wrapper.cfbundle; includeInIndex = 0; path = "mm-uiUITests.xctest"; sourceTree = BUILT_PRODUCTS_DIR; };
		8ACD5142291BE22300D3D195 /* mm_uiUITests.swift */ = {isa = PBXFileReference; lastKnownFileType = sourcecode.swift; path = mm_uiUITests.swift; sourceTree = "<group>"; };
		8ACD5144291BE22300D3D195 /* mm_uiUITestsLaunchTests.swift */ = {isa = PBXFileReference; lastKnownFileType = sourcecode.swift; path = mm_uiUITestsLaunchTests.swift; sourceTree = "<group>"; };
/* End PBXFileReference section */

/* Begin PBXFrameworksBuildPhase section */
		8ACD5120291BE21C00D3D195 /* Frameworks */ = {
			isa = PBXFrameworksBuildPhase;
			buildActionMask = 2147483647;
			files = (
			);
			runOnlyForDeploymentPostprocessing = 0;
		};
		8ACD5131291BE22300D3D195 /* Frameworks */ = {
			isa = PBXFrameworksBuildPhase;
			buildActionMask = 2147483647;
			files = (
			);
			runOnlyForDeploymentPostprocessing = 0;
		};
		8ACD513B291BE22300D3D195 /* Frameworks */ = {
			isa = PBXFrameworksBuildPhase;
			buildActionMask = 2147483647;
			files = (
			);
			runOnlyForDeploymentPostprocessing = 0;
		};
/* End PBXFrameworksBuildPhase section */

/* Begin PBXGroup section */
		8ACD511A291BE21C00D3D195 = {
			isa = PBXGroup;
			children = (
				8ACD5125291BE21C00D3D195 /* mm-ui */,
				8ACD5137291BE22300D3D195 /* mm-uiTests */,
				8ACD5141291BE22300D3D195 /* mm-uiUITests */,
				8ACD5124291BE21C00D3D195 /* Products */,
			);
			sourceTree = "<group>";
		};
		8ACD5124291BE21C00D3D195 /* Products */ = {
			isa = PBXGroup;
			children = (
				8ACD5123291BE21C00D3D195 /* mm-ui.app */,
				8ACD5134291BE22300D3D195 /* mm-uiTests.xctest */,
				8ACD513E291BE22300D3D195 /* mm-uiUITests.xctest */,
			);
			name = Products;
			sourceTree = "<group>";
		};
		8ACD5125291BE21C00D3D195 /* mm-ui */ = {
			isa = PBXGroup;
			children = (
				8ACD5126291BE21C00D3D195 /* mm_uiApp.swift */,
				8ACD5128291BE21C00D3D195 /* ContentView.swift */,
				8ACD512A291BE22200D3D195 /* Assets.xcassets */,
				8ACD512F291BE22200D3D195 /* mm_ui.entitlements */,
				8ACD512C291BE22200D3D195 /* Preview Content */,
			);
			path = "mm-ui";
			sourceTree = "<group>";
		};
		8ACD512C291BE22200D3D195 /* Preview Content */ = {
			isa = PBXGroup;
			children = (
				8ACD512D291BE22200D3D195 /* Preview Assets.xcassets */,
			);
			path = "Preview Content";
			sourceTree = "<group>";
		};
		8ACD5137291BE22300D3D195 /* mm-uiTests */ = {
			isa = PBXGroup;
			children = (
				8ACD5138291BE22300D3D195 /* mm_uiTests.swift */,
			);
			path = "mm-uiTests";
			sourceTree = "<group>";
		};
		8ACD5141291BE22300D3D195 /* mm-uiUITests */ = {
			isa = PBXGroup;
			children = (
				8ACD5142291BE22300D3D195 /* mm_uiUITests.swift */,
				8ACD5144291BE22300D3D195 /* mm_uiUITestsLaunchTests.swift */,
			);
			path = "mm-uiUITests";
			sourceTree = "<group>";
		};
/* End PBXGroup section */

/* Begin PBXNativeTarget section */
		8ACD5122291BE21C00D3D195 /* mm-ui */ = {
			isa = PBXNativeTarget;
			buildConfigurationList = 8ACD5148291BE22300D3D195 /* Build configuration list for PBXNativeTarget "mm-ui" */;
			buildPhases = (
				8ACD511F291BE21C00D3D195 /* Sources */,
				8ACD5120291BE21C00D3D195 /* Frameworks */,
				8ACD5121291BE21C00D3D195 /* Resources */,
			);
			buildRules = (
			);
			dependencies = (
			);
			name = "mm-ui";
			productName = "mm-ui";
			productReference = 8ACD5123291BE21C00D3D195 /* mm-ui.app */;
			productType = "com.apple.product-type.application";
		};
		8ACD5133291BE22300D3D195 /* mm-uiTests */ = {
			isa = PBXNativeTarget;
			buildConfigurationList = 8ACD514B291BE22300D3D195 /* Build configuration list for PBXNativeTarget "mm-uiTests" */;
			buildPhases = (
				8ACD5130291BE22300D3D195 /* Sources */,
				8ACD5131291BE22300D3D195 /* Frameworks */,
				8ACD5132291BE22300D3D195 /* Resources */,
			);
			buildRules = (
			);
			dependencies = (
				8ACD5136291BE22300D3D195 /* PBXTargetDependency */,
			);
			name = "mm-uiTests";
			productName = "mm-uiTests";
			productReference = 8ACD5134291BE22300D3D195 /* mm-uiTests.xctest */;
			productType = "com.apple.product-type.bundle.unit-test";
		};
		8ACD513D291BE22300D3D195 /* mm-uiUITests */ = {
			isa = PBXNativeTarget;
			buildConfigurationList = 8ACD514E291BE22300D3D195 /* Build configuration list for PBXNativeTarget "mm-uiUITests" */;
			buildPhases = (
				8ACD513A291BE22300D3D195 /* Sources */,
				8ACD513B291BE22300D3D195 /* Frameworks */,
				8ACD513C291BE22300D3D195 /* Resources */,
			);
			buildRules = (
			);
			dependencies = (
				8ACD5140291BE22300D3D195 /* PBXTargetDependency */,
			);
			name = "mm-uiUITests";
			productName = "mm-uiUITests";
			productReference = 8ACD513E291BE22300D3D195 /* mm-uiUITests.xctest */;
			productType = "com.apple.product-type.bundle.ui-testing";
		};
/* End PBXNativeTarget section */

/* Begin PBXProject section */
		8ACD511B291BE21C00D3D195 /* Project object */ = {
			isa = PBXProject;
			attributes = {
				BuildIndependentTargetsInParallel = 1;
				LastSwiftUpdateCheck = 1410;
				LastUpgradeCheck = 1410;
				TargetAttributes = {
					8ACD5122291BE21C00D3D195 = {
						CreatedOnToolsVersion = 14.1;
					};
					8ACD5133291BE22300D3D195 = {
						CreatedOnToolsVersion = 14.1;
						TestTargetID = 8ACD5122291BE21C00D3D195;
					};
					8ACD513D291BE22300D3D195 = {
						CreatedOnToolsVersion = 14.1;
						TestTargetID = 8ACD5122291BE21C00D3D195;
					};
				};
			};
			buildConfigurationList = 8ACD511E291BE21C00D3D195 /* Build configuration list for PBXProject "mm-ui" */;
			compatibilityVersion = "Xcode 14.0";
			developmentRegion = en;
			hasScannedForEncodings = 0;
			knownRegions = (
				en,
				Base,
			);
			mainGroup = 8ACD511A291BE21C00D3D195;
			productRefGroup = 8ACD5124291BE21C00D3D195 /* Products */;
			projectDirPath = "";
			projectRoot = "";
			targets = (
				8ACD5122291BE21C00D3D195 /* mm-ui */,
				8ACD5133291BE22300D3D195 /* mm-uiTests */,
				8ACD513D291BE22300D3D195 /* mm-uiUITests */,
			);
		};
/* End PBXProject section */

/* Begin PBXResourcesBuildPhase section */
		8ACD5121291BE21C00D3D195 /* Resources */ = {
			isa = PBXResourcesBuildPhase;
			buildActionMask = 2147483647;
			files = (
				8ACD512E291BE22200D3D195 /* Preview Assets.xcassets in Resources */,
				8ACD512B291BE22200D3D195 /* Assets.xcassets in Resources */,
			);
			runOnlyForDeploymentPostprocessing = 0;
		};
		8ACD5132291BE22300D3D195 /* Resources */ = {
			isa = PBXResourcesBuildPhase;
			buildActionMask = 2147483647;
			files = (
			);
			runOnlyForDeploymentPostprocessing = 0;
		};
		8ACD513C291BE22300D3D195 /* Resources */ = {
			isa = PBXResourcesBuildPhase;
			buildActionMask = 2147483647;
			files = (
			);
			runOnlyForDeploymentPostprocessing = 0;
		};
/* End PBXResourcesBuildPhase section */

/* Begin PBXSourcesBuildPhase section */
		8ACD511F291BE21C00D3D195 /* Sources */ = {
			isa = PBXSourcesBuildPhase;
			buildActionMask = 2147483647;
			files = (
				8ACD5129291BE21C00D3D195 /* ContentView.swift in Sources */,
				8ACD5127291BE21C00D3D195 /* mm_uiApp.swift in Sources */,
			);
			runOnlyForDeploymentPostprocessing = 0;
		};
		8ACD5130291BE22300D3D195 /* Sources */ = {
			isa = PBXSourcesBuildPhase;
			buildActionMask = 2147483647;
			files = (
				8ACD5139291BE22300D3D195 /* mm_uiTests.swift in Sources */,
			);
			runOnlyForDeploymentPostprocessing = 0;
		};
		8ACD513A291BE22300D3D195 /* Sources */ = {
			isa = PBXSourcesBuildPhase;
			buildActionMask = 2147483647;
			files = (
				8ACD5145291BE22300D3D195 /* mm_uiUITestsLaunchTests.swift in Sources */,
				8ACD5143291BE22300D3D195 /* mm_uiUITests.swift in Sources */,
			);
			runOnlyForDeploymentPostprocessing = 0;
		};
/* End PBXSourcesBuildPhase section */

/* Begin PBXTargetDependency section */
		8ACD5136291BE22300D3D195 /* PBXTargetDependency */ = {
			isa = PBXTargetDependency;
			target = 8ACD5122291BE21C00D3D195 /* mm-ui */;
			targetProxy = 8ACD5135291BE22300D3D195 /* PBXContainerItemProxy */;
		};
		8ACD5140291BE22300D3D195 /* PBXTargetDependency */ = {
			isa = PBXTargetDependency;
			target = 8ACD5122291BE21C00D3D195 /* mm-ui */;
			targetProxy = 8ACD513F291BE22300D3D195 /* PBXContainerItemProxy */;
		};
/* End PBXTargetDependency section */

/* Begin XCBuildConfiguration section */
		8ACD5146291BE22300D3D195 /* Debug */ = {
			isa = XCBuildConfiguration;
			buildSettings = {
				ALWAYS_SEARCH_USER_PATHS = NO;
				CLANG_ANALYZER_NONNULL = YES;
				CLANG_ANALYZER_NUMBER_OBJECT_CONVERSION = YES_AGGRESSIVE;
				CLANG_CXX_LANGUAGE_STANDARD = "gnu++20";
				CLANG_ENABLE_MODULES = YES;
				CLANG_ENABLE_OBJC_ARC = YES;
				CLANG_ENABLE_OBJC_WEAK = YES;
				CLANG_WARN_BLOCK_CAPTURE_AUTORELEASING = YES;
				CLANG_WARN_BOOL_CONVERSION = YES;
				CLANG_WARN_COMMA = YES;
				CLANG_WARN_CONSTANT_CONVERSION = YES;
				CLANG_WARN_DEPRECATED_OBJC_IMPLEMENTATIONS = YES;
				CLANG_WARN_DIRECT_OBJC_ISA_USAGE = YES_ERROR;
				CLANG_WARN_DOCUMENTATION_COMMENTS = YES;
				CLANG_WARN_EMPTY_BODY = YES;
				CLANG_WARN_ENUM_CONVERSION = YES;
				CLANG_WARN_INFINITE_RECURSION = YES;
				CLANG_WARN_INT_CONVERSION = YES;
				CLANG_WARN_NON_LITERAL_NULL_CONVERSION = YES;
				CLANG_WARN_OBJC_IMPLICIT_RETAIN_SELF = YES;
				CLANG_WARN_OBJC_LITERAL_CONVERSION = YES;
				CLANG_WARN_OBJC_ROOT_CLASS = YES_ERROR;
				CLANG_WARN_QUOTED_INCLUDE_IN_FRAMEWORK_HEADER = YES;
				CLANG_WARN_RANGE_LOOP_ANALYSIS = YES;
				CLANG_WARN_STRICT_PROTOTYPES = YES;
				CLANG_WARN_SUSPICIOUS_MOVE = YES;
				CLANG_WARN_UNGUARDED_AVAILABILITY = YES_AGGRESSIVE;
				CLANG_WARN_UNREACHABLE_CODE = YES;
				CLANG_WARN__DUPLICATE_METHOD_MATCH = YES;
				COPY_PHASE_STRIP = NO;
				DEBUG_INFORMATION_FORMAT = dwarf;
				ENABLE_STRICT_OBJC_MSGSEND = YES;
				ENABLE_TESTABILITY = YES;
				GCC_C_LANGUAGE_STANDARD = gnu11;
				GCC_DYNAMIC_NO_PIC = NO;
				GCC_NO_COMMON_BLOCKS = YES;
				GCC_OPTIMIZATION_LEVEL = 0;
				GCC_PREPROCESSOR_DEFINITIONS = (
					"DEBUG=1",
					"$(inherited)",
				);
				GCC_WARN_64_TO_32_BIT_CONVERSION = YES;
				GCC_WARN_ABOUT_RETURN_TYPE = YES_ERROR;
				GCC_WARN_UNDECLARED_SELECTOR = YES;
				GCC_WARN_UNINITIALIZED_AUTOS = YES_AGGRESSIVE;
				GCC_WARN_UNUSED_FUNCTION = YES;
				GCC_WARN_UNUSED_VARIABLE = YES;
				MACOSX_DEPLOYMENT_TARGET = 13.0;
				MTL_ENABLE_DEBUG_INFO = INCLUDE_SOURCE;
				MTL_FAST_MATH = YES;
				ONLY_ACTIVE_ARCH = YES;
				SDKROOT = macosx;
				SWIFT_ACTIVE_COMPILATION_CONDITIONS = DEBUG;
				SWIFT_OPTIMIZATION_LEVEL = "-Onone";
			};
			name = Debug;
		};
		8ACD5147291BE22300D3D195 /* Release */ = {
			isa = XCBuildConfiguration;
			buildSettings = {
				ALWAYS_SEARCH_USER_PATHS = NO;
				CLANG_ANALYZER_NONNULL = YES;
				CLANG_ANALYZER_NUMBER_OBJECT_CONVERSION = YES_AGGRESSIVE;
				CLANG_CXX_LANGUAGE_STANDARD = "gnu++20";
				CLANG_ENABLE_MODULES = YES;
				CLANG_ENABLE_OBJC_ARC = YES;
				CLANG_ENABLE_OBJC_WEAK = YES;
				CLANG_WARN_BLOCK_CAPTURE_AUTORELEASING = YES;
				CLANG_WARN_BOOL_CONVERSION = YES;
				CLANG_WARN_COMMA = YES;
				CLANG_WARN_CONSTANT_CONVERSION = YES;
				CLANG_WARN_DEPRECATED_OBJC_IMPLEMENTATIONS = YES;
				CLANG_WARN_DIRECT_OBJC_ISA_USAGE = YES_ERROR;
				CLANG_WARN_DOCUMENTATION_COMMENTS = YES;
				CLANG_WARN_EMPTY_BODY = YES;
				CLANG_WARN_ENUM_CONVERSION = YES;
				CLANG_WARN_INFINITE_RECURSION = YES;
				CLANG_WARN_INT_CONVERSION = YES;
				CLANG_WARN_NON_LITERAL_NULL_CONVERSION = YES;
				CLANG_WARN_OBJC_IMPLICIT_RETAIN_SELF = YES;
				CLANG_WARN_OBJC_LITERAL_CONVERSION = YES;
				CLANG_WARN_OBJC_ROOT_CLASS = YES_ERROR;
				CLANG_WARN_QUOTED_INCLUDE_IN_FRAMEWORK_HEADER = YES;
				CLANG_WARN_RANGE_LOOP_ANALYSIS = YES;
				CLANG_WARN_STRICT_PROTOTYPES = YES;
				CLANG_WARN_SUSPICIOUS_MOVE = YES;
				CLANG_WARN_UNGUARDED_AVAILABILITY = YES_AGGRESSIVE;
				CLANG_WARN_UNREACHABLE_CODE = YES;
				CLANG_WARN__DUPLICATE_METHOD_MATCH = YES;
				COPY_PHASE_STRIP = NO;
				DEBUG_INFORMATION_FORMAT = "dwarf-with-dsym";
				ENABLE_NS_ASSERTIONS = NO;
				ENABLE_STRICT_OBJC_MSGSEND = YES;
				GCC_C_LANGUAGE_STANDARD = gnu11;
				GCC_NO_COMMON_BLOCKS = YES;
				GCC_WARN_64_TO_32_BIT_CONVERSION = YES;
				GCC_WARN_ABOUT_RETURN_TYPE = YES_ERROR;
				GCC_WARN_UNDECLARED_SELECTOR = YES;
				GCC_WARN_UNINITIALIZED_AUTOS = YES_AGGRESSIVE;
				GCC_WARN_UNUSED_FUNCTION = YES;
				GCC_WARN_UNUSED_VARIABLE = YES;
				MACOSX_DEPLOYMENT_TARGET = 13.0;
				MTL_ENABLE_DEBUG_INFO = NO;
				MTL_FAST_MATH = YES;
				SDKROOT = macosx;
				SWIFT_COMPILATION_MODE = wholemodule;
				SWIFT_OPTIMIZATION_LEVEL = "-O";
			};
			name = Release;
		};
		8ACD5149291BE22300D3D195 /* Debug */ = {
			isa = XCBuildConfiguration;
			buildSettings = {
				ASSETCATALOG_COMPILER_APPICON_NAME = AppIcon;
				ASSETCATALOG_COMPILER_GLOBAL_ACCENT_COLOR_NAME = AccentColor;
				CODE_SIGN_ENTITLEMENTS = "mm-ui/mm_ui.entitlements";
				CODE_SIGN_STYLE = Automatic;
				COMBINE_HIDPI_IMAGES = YES;
				CURRENT_PROJECT_VERSION = 1;
				DEVELOPMENT_ASSET_PATHS = "\"mm-ui/Preview Content\"";
				ENABLE_PREVIEWS = YES;
				GENERATE_INFOPLIST_FILE = YES;
				INFOPLIST_KEY_NSHumanReadableCopyright = "";
				LD_RUNPATH_SEARCH_PATHS = (
					"$(inherited)",
					"@executable_path/../Frameworks",
				);
				MARKETING_VERSION = 1.0;
				PRODUCT_BUNDLE_IDENTIFIER = "pw.pexl.mm-ui";
				PRODUCT_NAME = "$(TARGET_NAME)";
				SWIFT_EMIT_LOC_STRINGS = YES;
				SWIFT_VERSION = 5.0;
			};
			name = Debug;
		};
		8ACD514A291BE22300D3D195 /* Release */ = {
			isa = XCBuildConfiguration;
			buildSettings = {
				ASSETCATALOG_COMPILER_APPICON_NAME = AppIcon;
				ASSETCATALOG_COMPILER_GLOBAL_ACCENT_COLOR_NAME = AccentColor;
				CODE_SIGN_ENTITLEMENTS = "mm-ui/mm_ui.entitlements";
				CODE_SIGN_STYLE = Automatic;
				COMBINE_HIDPI_IMAGES = YES;
				CURRENT_PROJECT_VERSION = 1;
				DEVELOPMENT_ASSET_PATHS = "\"mm-ui/Preview Content\"";
				ENABLE_PREVIEWS = YES;
				GENERATE_INFOPLIST_FILE = YES;
				INFOPLIST_KEY_NSHumanReadableCopyright = "";
				LD_RUNPATH_SEARCH_PATHS = (
					"$(inherited)",
					"@executable_path/../Frameworks",
				);
				MARKETING_VERSION = 1.0;
				PRODUCT_BUNDLE_IDENTIFIER = "pw.pexl.mm-ui";
				PRODUCT_NAME = "$(TARGET_NAME)";
				SWIFT_EMIT_LOC_STRINGS = YES;
				SWIFT_VERSION = 5.0;
			};
			name = Release;
		};
		8ACD514C291BE22300D3D195 /* Debug */ = {
			isa = XCBuildConfiguration;
			buildSettings = {
				ALWAYS_EMBED_SWIFT_STANDARD_LIBRARIES = YES;
				BUNDLE_LOADER = "$(TEST_HOST)";
				CODE_SIGN_STYLE = Automatic;
				CURRENT_PROJECT_VERSION = 1;
				GENERATE_INFOPLIST_FILE = YES;
				MACOSX_DEPLOYMENT_TARGET = 13.0;
				MARKETING_VERSION = 1.0;
				PRODUCT_BUNDLE_IDENTIFIER = "pw.pexl.mm-uiTests";
				PRODUCT_NAME = "$(TARGET_NAME)";
				SWIFT_EMIT_LOC_STRINGS = NO;
				SWIFT_VERSION = 5.0;
				TEST_HOST = "$(BUILT_PRODUCTS_DIR)/mm-ui.app/$(BUNDLE_EXECUTABLE_FOLDER_PATH)/mm-ui";
			};
			name = Debug;
		};
		8ACD514D291BE22300D3D195 /* Release */ = {
			isa = XCBuildConfiguration;
			buildSettings = {
				ALWAYS_EMBED_SWIFT_STANDARD_LIBRARIES = YES;
				BUNDLE_LOADER = "$(TEST_HOST)";
				CODE_SIGN_STYLE = Automatic;
				CURRENT_PROJECT_VERSION = 1;
				GENERATE_INFOPLIST_FILE = YES;
				MACOSX_DEPLOYMENT_TARGET = 13.0;
				MARKETING_VERSION = 1.0;
				PRODUCT_BUNDLE_IDENTIFIER = "pw.pexl.mm-uiTests";
				PRODUCT_NAME = "$(TARGET_NAME)";
				SWIFT_EMIT_LOC_STRINGS = NO;
				SWIFT_VERSION = 5.0;
				TEST_HOST = "$(BUILT_PRODUCTS_DIR)/mm-ui.app/$(BUNDLE_EXECUTABLE_FOLDER_PATH)/mm-ui";
			};
			name = Release;
		};
		8ACD514F291BE22300D3D195 /* Debug */ = {
			isa = XCBuildConfiguration;
			buildSettings = {
				ALWAYS_EMBED_SWIFT_STANDARD_LIBRARIES = YES;
				CODE_SIGN_STYLE = Automatic;
				CURRENT_PROJECT_VERSION = 1;
				GENERATE_INFOPLIST_FILE = YES;
				MARKETING_VERSION = 1.0;
				PRODUCT_BUNDLE_IDENTIFIER = "pw.pexl.mm-uiUITests";
				PRODUCT_NAME = "$(TARGET_NAME)";
				SWIFT_EMIT_LOC_STRINGS = NO;
				SWIFT_VERSION = 5.0;
				TEST_TARGET_NAME = "mm-ui";
			};
			name = Debug;
		};
		8ACD5150291BE22300D3D195 /* Release */ = {
			isa = XCBuildConfiguration;
			buildSettings = {
				ALWAYS_EMBED_SWIFT_STANDARD_LIBRARIES = YES;
				CODE_SIGN_STYLE = Automatic;
				CURRENT_PROJECT_VERSION = 1;
				GENERATE_INFOPLIST_FILE = YES;
				MARKETING_VERSION = 1.0;
				PRODUCT_BUNDLE_IDENTIFIER = "pw.pexl.mm-uiUITests";
				PRODUCT_NAME = "$(TARGET_NAME)";
				SWIFT_EMIT_LOC_STRINGS = NO;
				SWIFT_VERSION = 5.0;
				TEST_TARGET_NAME = "mm-ui";
			};
			name = Release;
		};
/* End XCBuildConfiguration section */

/* Begin XCConfigurationList section */
		8ACD511E291BE21C00D3D195 /* Build configuration list for PBXProject "mm-ui" */ = {
			isa = XCConfigurationList;
			buildConfigurations = (
				8ACD5146291BE22300D3D195 /* Debug */,
				8ACD5147291BE22300D3D195 /* Release */,
			);
			defaultConfigurationIsVisible = 0;
			defaultConfigurationName = Release;
		};
		8ACD5148291BE22300D3D195 /* Build configuration list for PBXNativeTarget "mm-ui" */ = {
			isa = XCConfigurationList;
			buildConfigurations = (
				8ACD5149291BE22300D3D195 /* Debug */,
				8ACD514A291BE22300D3D195 /* Release */,
			);
			defaultConfigurationIsVisible = 0;
			defaultConfigurationName = Release;
		};
		8ACD514B291BE22300D3D195 /* Build configuration list for PBXNativeTarget "mm-uiTests" */ = {
			isa = XCConfigurationList;
			buildConfigurations = (
				8ACD514C291BE22300D3D195 /* Debug */,
				8ACD514D291BE22300D3D195 /* Release */,
			);
			defaultConfigurationIsVisible = 0;
			defaultConfigurationName = Release;
		};
		8ACD514E291BE22300D3D195 /* Build configuration list for PBXNativeTarget "mm-uiUITests" */ = {
			isa = XCConfigurationList;
			buildConfigurations = (
				8ACD514F291BE22300D3D195 /* Debug */,
				8ACD5150291BE22300D3D195 /* Release */,
			);
			defaultConfigurationIsVisible = 0;
			defaultConfigurationName = Release;
		};
/* End XCConfigurationList section */
	};
	rootObject = 8ACD511B291BE21C00D3D195 /* Project object */;
}
